
Microsoft Visual Studio Solution File, Format Version 12.00
# Visual Studio Version 17
VisualStudioVersion = 17.3.32819.101
MinimumVisualStudioVersion = 10.0.40219.1
Project("{FAE04EC0-301F-11D3-BF4B-00C04F79EFBC}") = "RegistroDeLogs", "RegistroDeLogs\RegistroDeLogs.csproj", "{133DE1C2-F4A4-4E0E-A2A5-9549C9C5DB57}"
EndProject
Global
	GlobalSection(SolutionConfigurationPlatforms) = preSolution
		Debug|Any CPU = Debug|Any CPU
		Release|Any CPU = Release|Any CPU
	EndGlobalSection
	GlobalSection(ProjectConfigurationPlatforms) = postSolution
		{133DE1C2-F4A4-4E0E-A2A5-9549C9C5DB57}.Debug|Any CPU.ActiveCfg = Debug|Any CPU
		{133DE1C2-F4A4-4E0E-A2A5-9549C9C5DB57}.Debug|Any CPU.Build.0 = Debug|Any CPU
		{133DE1C2-F4A4-4E0E-A2A5-9549C9C5DB57}.Release|Any CPU.ActiveCfg = Release|Any CPU
		{133DE1C2-F4A4-4E0E-A2A5-9549C9C5DB57}.Release|Any CPU.Build.0 = Release|Any CPU
	EndGlobalSection
	GlobalSection(SolutionProperties) = preSolution
		HideSolutionNode = FALSE
	EndGlobalSection
	GlobalSection(ExtensibilityGlobals) = postSolution
		SolutionGuid = {E4C78DCC-FC20-4A8A-ABCD-41EE87A0F7E2}
	EndGlobalSection
EndGlobal
